Microsoft Visual Studio Solution File, Format Version 11.00
# Visual Studio 2008

Project("{74A728BC-B119-81C3-4F83-4A8FB27CC85A}") = "Project Final", "Assembly-CSharp-firstpass.csproj", "{B0AE8447-D504-C78B-F52B-FC23FC2D651D}"
EndProject
Project("{74A728BC-B119-81C3-4F83-4A8FB27CC85A}") = "Project Final", "Assembly-CSharp.csproj", "{26AF92BA-8C10-11FB-2F50-8E4C4AF50A50}"
EndProject
Project("{74A728BC-B119-81C3-4F83-4A8FB27CC85A}") = "Project Final", "Assembly-UnityScript.unityproj", "{8E2372EC-EC24-ADFE-ED12-CCA31229246E}"
EndProject
Global
	GlobalSection(SolutionConfigurationPlatforms) = preSolution
		Debug|Any CPU = Debug|Any CPU
		Release|Any CPU = Release|Any CPU
	EndGlobalSection
	GlobalSection(ProjectConfigurationPlatforms) = postSolution
		{B0AE8447-D504-C78B-F52B-FC23FC2D651D}.Debug|Any CPU.ActiveCfg = Debug|Any CPU
		{B0AE8447-D504-C78B-F52B-FC23FC2D651D}.Debug|Any CPU.Build.0 = Debug|Any CPU
		{B0AE8447-D504-C78B-F52B-FC23FC2D651D}.Release|Any CPU.ActiveCfg = Release|Any CPU
		{B0AE8447-D504-C78B-F52B-FC23FC2D651D}.Release|Any CPU.Build.0 = Release|Any CPU
		{26AF92BA-8C10-11FB-2F50-8E4C4AF50A50}.Debug|Any CPU.ActiveCfg = Debug|Any CPU
		{26AF92BA-8C10-11FB-2F50-8E4C4AF50A50}.Debug|Any CPU.Build.0 = Debug|Any CPU
		{26AF92BA-8C10-11FB-2F50-8E4C4AF50A50}.Release|Any CPU.ActiveCfg = Release|Any CPU
		{26AF92BA-8C10-11FB-2F50-8E4C4AF50A50}.Release|Any CPU.Build.0 = Release|Any CPU
		{8E2372EC-EC24-ADFE-ED12-CCA31229246E}.Debug|Any CPU.ActiveCfg = Debug|Any CPU
		{8E2372EC-EC24-ADFE-ED12-CCA31229246E}.Debug|Any CPU.Build.0 = Debug|Any CPU
		{8E2372EC-EC24-ADFE-ED12-CCA31229246E}.Release|Any CPU.ActiveCfg = Release|Any CPU
		{8E2372EC-EC24-ADFE-ED12-CCA31229246E}.Release|Any CPU.Build.0 = Release|Any CPU
	EndGlobalSection
	GlobalSection(SolutionProperties) = preSolution
		HideSolutionNode = FALSE
	EndGlobalSection
	GlobalSection(MonoDevelopProperties) = preSolution
		StartupItem = Assembly-CSharp.csproj
		Policies = $0
		$0.TextStylePolicy = $1
		$1.inheritsSet = null
		$1.scope = text/x-csharp
		$0.CSharpFormattingPolicy = $2
		$2.inheritsSet = Mono
		$2.inheritsScope = text/x-csharp
		$2.scope = text/x-csharp
		$0.TextStylePolicy = $3
		$3.FileWidth = 120
		$3.TabWidth = 4
		$3.EolMarker = Unix
		$3.inheritsSet = Mono
		$3.inheritsScope = text/plain
		$3.scope = text/plain
	EndGlobalSection
EndGlobal
